
Microsoft Visual Studio Solution File, Format Version 12.00
# Visual Studio 15
VisualStudioVersion = 15.0.27130.2010
MinimumVisualStudioVersion = 10.0.40219.1
Project("{FAE04EC0-301F-11D3-BF4B-00C04F79EFBC}") = "kinect-motion-server", "kinect-motion-server\kinect-motion-server.csproj", "{2DB43468-EA61-4084-BC12-D63A2A251A5C}"
EndProject
Global
	GlobalSection(SolutionConfigurationPlatforms) = preSolution
		Debug|Any CPU = Debug|Any CPU
		Release|Any CPU = Release|Any CPU
	EndGlobalSection
	GlobalSection(ProjectConfigurationPlatforms) = postSolution
		{2DB43468-EA61-4084-BC12-D63A2A251A5C}.Debug|Any CPU.ActiveCfg = Debug|Any CPU
		{2DB43468-EA61-4084-BC12-D63A2A251A5C}.Debug|Any CPU.Build.0 = Debug|Any CPU
		{2DB43468-EA61-4084-BC12-D63A2A251A5C}.Release|Any CPU.ActiveCfg = Release|Any CPU
		{2DB43468-EA61-4084-BC12-D63A2A251A5C}.Release|Any CPU.Build.0 = Release|Any CPU
	EndGlobalSection
	GlobalSection(SolutionProperties) = preSolution
		HideSolutionNode = FALSE
	EndGlobalSection
	GlobalSection(ExtensibilityGlobals) = postSolution
		SolutionGuid = {57FBBDD9-7D22-48BE-A0C2-635CE750F672}
	EndGlobalSection
EndGlobal
